
Microsoft Visual Studio Solution File, Format Version 12.00
# Visual Studio Version 17
VisualStudioVersion = 17.0.31903.59
MinimumVisualStudioVersion = 10.0.40219.1
Project("{FAE04EC0-301F-11D3-BF4B-00C04F79EFBC}") = "Publisher", "Publisher\Publisher.csproj", "{3DDAF6F5-BBD2-4EA9-AEB2-22FC04065201}"
EndProject
Project("{FAE04EC0-301F-11D3-BF4B-00C04F79EFBC}") = "Subscriber", "Subscriber\Subscriber.csproj", "{882EE6E2-DE27-4F43-8FB6-6E5273FFFEAB}"
EndProject
Global
	GlobalSection(SolutionConfigurationPlatforms) = preSolution
		Debug|Any CPU = Debug|Any CPU
		Release|Any CPU = Release|Any CPU
	EndGlobalSection
	GlobalSection(SolutionProperties) = preSolution
		HideSolutionNode = FALSE
	EndGlobalSection
	GlobalSection(ProjectConfigurationPlatforms) = postSolution
		{3DDAF6F5-BBD2-4EA9-AEB2-22FC04065201}.Debug|Any CPU.ActiveCfg = Debug|Any CPU
		{3DDAF6F5-BBD2-4EA9-AEB2-22FC04065201}.Debug|Any CPU.Build.0 = Debug|Any CPU
		{3DDAF6F5-BBD2-4EA9-AEB2-22FC04065201}.Release|Any CPU.ActiveCfg = Release|Any CPU
		{3DDAF6F5-BBD2-4EA9-AEB2-22FC04065201}.Release|Any CPU.Build.0 = Release|Any CPU
		{882EE6E2-DE27-4F43-8FB6-6E5273FFFEAB}.Debug|Any CPU.ActiveCfg = Debug|Any CPU
		{882EE6E2-DE27-4F43-8FB6-6E5273FFFEAB}.Debug|Any CPU.Build.0 = Debug|Any CPU
		{882EE6E2-DE27-4F43-8FB6-6E5273FFFEAB}.Release|Any CPU.ActiveCfg = Release|Any CPU
		{882EE6E2-DE27-4F43-8FB6-6E5273FFFEAB}.Release|Any CPU.Build.0 = Release|Any CPU
	EndGlobalSection
EndGlobal
