
Microsoft Visual Studio Solution File, Format Version 12.00
# Visual Studio Version 16
VisualStudioVersion = 16.0.30114.105
MinimumVisualStudioVersion = 10.0.40219.1
Project("{FAE04EC0-301F-11D3-BF4B-00C04F79EFBC}") = "Server", "Server\Server.csproj", "{4956866A-DB77-40AD-A1EB-0435D227F369}"
EndProject
Project("{FAE04EC0-301F-11D3-BF4B-00C04F79EFBC}") = "Client", "Client\Client.csproj", "{BCD9650B-CC26-4E7B-A722-F75CB6C6101F}"
EndProject
Project("{FAE04EC0-301F-11D3-BF4B-00C04F79EFBC}") = "MyModel", "MyModel\MyModel.csproj", "{8641126E-C2D6-486D-8CFD-5EA19C58938E}"
EndProject
Global
	GlobalSection(SolutionConfigurationPlatforms) = preSolution
		Debug|Any CPU = Debug|Any CPU
		Release|Any CPU = Release|Any CPU
	EndGlobalSection
	GlobalSection(SolutionProperties) = preSolution
		HideSolutionNode = FALSE
	EndGlobalSection
	GlobalSection(ProjectConfigurationPlatforms) = postSolution
		{4956866A-DB77-40AD-A1EB-0435D227F369}.Debug|Any CPU.ActiveCfg = Debug|Any CPU
		{4956866A-DB77-40AD-A1EB-0435D227F369}.Debug|Any CPU.Build.0 = Debug|Any CPU
		{4956866A-DB77-40AD-A1EB-0435D227F369}.Release|Any CPU.ActiveCfg = Release|Any CPU
		{4956866A-DB77-40AD-A1EB-0435D227F369}.Release|Any CPU.Build.0 = Release|Any CPU
		{BCD9650B-CC26-4E7B-A722-F75CB6C6101F}.Debug|Any CPU.ActiveCfg = Debug|Any CPU
		{BCD9650B-CC26-4E7B-A722-F75CB6C6101F}.Debug|Any CPU.Build.0 = Debug|Any CPU
		{BCD9650B-CC26-4E7B-A722-F75CB6C6101F}.Release|Any CPU.ActiveCfg = Release|Any CPU
		{BCD9650B-CC26-4E7B-A722-F75CB6C6101F}.Release|Any CPU.Build.0 = Release|Any CPU
		{8641126E-C2D6-486D-8CFD-5EA19C58938E}.Debug|Any CPU.ActiveCfg = Debug|Any CPU
		{8641126E-C2D6-486D-8CFD-5EA19C58938E}.Debug|Any CPU.Build.0 = Debug|Any CPU
		{8641126E-C2D6-486D-8CFD-5EA19C58938E}.Release|Any CPU.ActiveCfg = Release|Any CPU
		{8641126E-C2D6-486D-8CFD-5EA19C58938E}.Release|Any CPU.Build.0 = Release|Any CPU
	EndGlobalSection
EndGlobal
